
Microsoft Visual Studio Solution File, Format Version 12.00
# Visual Studio Version 17
VisualStudioVersion = 17.2.32630.192
MinimumVisualStudioVersion = 10.0.40219.1
Project("{FAE04EC0-301F-11D3-BF4B-00C04F79EFBC}") = "MertBlog", "MertBlog\MertBlog.csproj", "{31852936-68DC-4542-B851-FCDC05467109}"
EndProject
Project("{FAE04EC0-301F-11D3-BF4B-00C04F79EFBC}") = "Entities", "Entities\Entities.csproj", "{8D42CD25-7533-4E17-9DED-86C8D639C357}"
EndProject
Global
	GlobalSection(SolutionConfigurationPlatforms) = preSolution
		Debug|Any CPU = Debug|Any CPU
		Release|Any CPU = Release|Any CPU
	EndGlobalSection
	GlobalSection(ProjectConfigurationPlatforms) = postSolution
		{31852936-68DC-4542-B851-FCDC05467109}.Debug|Any CPU.ActiveCfg = Debug|Any CPU
		{31852936-68DC-4542-B851-FCDC05467109}.Debug|Any CPU.Build.0 = Debug|Any CPU
		{31852936-68DC-4542-B851-FCDC05467109}.Release|Any CPU.ActiveCfg = Release|Any CPU
		{31852936-68DC-4542-B851-FCDC05467109}.Release|Any CPU.Build.0 = Release|Any CPU
		{8D42CD25-7533-4E17-9DED-86C8D639C357}.Debug|Any CPU.ActiveCfg = Debug|Any CPU
		{8D42CD25-7533-4E17-9DED-86C8D639C357}.Debug|Any CPU.Build.0 = Debug|Any CPU
		{8D42CD25-7533-4E17-9DED-86C8D639C357}.Release|Any CPU.ActiveCfg = Release|Any CPU
		{8D42CD25-7533-4E17-9DED-86C8D639C357}.Release|Any CPU.Build.0 = Release|Any CPU
	EndGlobalSection
	GlobalSection(SolutionProperties) = preSolution
		HideSolutionNode = FALSE
	EndGlobalSection
	GlobalSection(ExtensibilityGlobals) = postSolution
		SolutionGuid = {7471664C-6D47-466B-992E-6460BF97FC49}
	EndGlobalSection
EndGlobal
